
Microsoft Visual Studio Solution File, Format Version 11.00
# Visual Studio 2010
Project("{FAE04EC0-301F-11D3-BF4B-00C04F79EFBC}") = "IVO.CMS", "IVO.CMS\IVO.CMS.csproj", "{0DA004BF-4D35-459C-99D3-956C4DF7EE9E}"
EndProject
Project("{2150E333-8FDC-42A3-9474-1A3956D46DE8}") = "IVO", "IVO", "{3C0891C9-889E-4794-B237-D668BE106BC6}"
EndProject
Project("{FAE04EC0-301F-11D3-BF4B-00C04F79EFBC}") = "IVO.Definition", "IVO\IVO\IVO.Definition\IVO.Definition.csproj", "{29D4825B-A343-45AA-99FB-CE6671E78178}"
EndProject
Project("{FAE04EC0-301F-11D3-BF4B-00C04F79EFBC}") = "IVO.Implementation.SQL", "IVO\IVO\IVO.Implementation.SQL\IVO.Implementation.SQL.csproj", "{BCD16F4B-3915-43B7-B1C8-5A9132D97615}"
EndProject
Project("{FAE04EC0-301F-11D3-BF4B-00C04F79EFBC}") = "Asynq", "IVO\Asynq\Asynq.csproj", "{42EFAFD3-5939-492C-8B93-DFD1969BA925}"
EndProject
Project("{FAE04EC0-301F-11D3-BF4B-00C04F79EFBC}") = "TestCMS", "TestCMS\TestCMS.csproj", "{71880BA6-9953-4618-9B5F-C14018BD7822}"
EndProject
Project("{2150E333-8FDC-42A3-9474-1A3956D46DE8}") = "Solution Items", "Solution Items", "{33E590DB-63C2-4CF4-A50F-C8BAC673FE2D}"
	ProjectSection(SolutionItems) = preProject
		IVO.CMS.vsmdi = IVO.CMS.vsmdi
		Local.testsettings = Local.testsettings
		TraceAndTestImpact.testsettings = TraceAndTestImpact.testsettings
	EndProjectSection
EndProject
Project("{FAE04EC0-301F-11D3-BF4B-00C04F79EFBC}") = "TestIVO", "IVO\TestIVO\TestIVO.csproj", "{F80A82CF-D894-41FD-BA0C-DE170023B2BB}"
EndProject
Project("{FAE04EC0-301F-11D3-BF4B-00C04F79EFBC}") = "IVO.Implementation.FileSystem", "IVO\IVO\IVO.Implementation.FileSystem\IVO.Implementation.FileSystem.csproj", "{8FE335EC-1E14-489F-A00D-1C56E2058DC9}"
EndProject
Global
	GlobalSection(TestCaseManagementSettings) = postSolution
		CategoryFile = IVO.CMS.vsmdi
	EndGlobalSection
	GlobalSection(SolutionConfigurationPlatforms) = preSolution
		Debug|Any CPU = Debug|Any CPU
		Debug|Mixed Platforms = Debug|Mixed Platforms
		Debug|x86 = Debug|x86
		Release|Any CPU = Release|Any CPU
		Release|Mixed Platforms = Release|Mixed Platforms
		Release|x86 = Release|x86
	EndGlobalSection
	GlobalSection(ProjectConfigurationPlatforms) = postSolution
		{0DA004BF-4D35-459C-99D3-956C4DF7EE9E}.Debug|Any CPU.ActiveCfg = Debug|Any CPU
		{0DA004BF-4D35-459C-99D3-956C4DF7EE9E}.Debug|Any CPU.Build.0 = Debug|Any CPU
		{0DA004BF-4D35-459C-99D3-956C4DF7EE9E}.Debug|Mixed Platforms.ActiveCfg = Debug|Any CPU
		{0DA004BF-4D35-459C-99D3-956C4DF7EE9E}.Debug|Mixed Platforms.Build.0 = Debug|Any CPU
		{0DA004BF-4D35-459C-99D3-956C4DF7EE9E}.Debug|x86.ActiveCfg = Debug|Any CPU
		{0DA004BF-4D35-459C-99D3-956C4DF7EE9E}.Release|Any CPU.ActiveCfg = Release|Any CPU
		{0DA004BF-4D35-459C-99D3-956C4DF7EE9E}.Release|Any CPU.Build.0 = Release|Any CPU
		{0DA004BF-4D35-459C-99D3-956C4DF7EE9E}.Release|Mixed Platforms.ActiveCfg = Release|Any CPU
		{0DA004BF-4D35-459C-99D3-956C4DF7EE9E}.Release|Mixed Platforms.Build.0 = Release|Any CPU
		{0DA004BF-4D35-459C-99D3-956C4DF7EE9E}.Release|x86.ActiveCfg = Release|Any CPU
		{29D4825B-A343-45AA-99FB-CE6671E78178}.Debug|Any CPU.ActiveCfg = Debug|Any CPU
		{29D4825B-A343-45AA-99FB-CE6671E78178}.Debug|Any CPU.Build.0 = Debug|Any CPU
		{29D4825B-A343-45AA-99FB-CE6671E78178}.Debug|Mixed Platforms.ActiveCfg = Debug|Any CPU
		{29D4825B-A343-45AA-99FB-CE6671E78178}.Debug|Mixed Platforms.Build.0 = Debug|Any CPU
		{29D4825B-A343-45AA-99FB-CE6671E78178}.Debug|x86.ActiveCfg = Debug|Any CPU
		{29D4825B-A343-45AA-99FB-CE6671E78178}.Release|Any CPU.ActiveCfg = Release|Any CPU
		{29D4825B-A343-45AA-99FB-CE6671E78178}.Release|Any CPU.Build.0 = Release|Any CPU
		{29D4825B-A343-45AA-99FB-CE6671E78178}.Release|Mixed Platforms.ActiveCfg = Release|Any CPU
		{29D4825B-A343-45AA-99FB-CE6671E78178}.Release|Mixed Platforms.Build.0 = Release|Any CPU
		{29D4825B-A343-45AA-99FB-CE6671E78178}.Release|x86.ActiveCfg = Release|Any CPU
		{BCD16F4B-3915-43B7-B1C8-5A9132D97615}.Debug|Any CPU.ActiveCfg = Debug|Any CPU
		{BCD16F4B-3915-43B7-B1C8-5A9132D97615}.Debug|Any CPU.Build.0 = Debug|Any CPU
		{BCD16F4B-3915-43B7-B1C8-5A9132D97615}.Debug|Mixed Platforms.ActiveCfg = Debug|Any CPU
		{BCD16F4B-3915-43B7-B1C8-5A9132D97615}.Debug|Mixed Platforms.Build.0 = Debug|Any CPU
		{BCD16F4B-3915-43B7-B1C8-5A9132D97615}.Debug|x86.ActiveCfg = Debug|Any CPU
		{BCD16F4B-3915-43B7-B1C8-5A9132D97615}.Release|Any CPU.ActiveCfg = Release|Any CPU
		{BCD16F4B-3915-43B7-B1C8-5A9132D97615}.Release|Any CPU.Build.0 = Release|Any CPU
		{BCD16F4B-3915-43B7-B1C8-5A9132D97615}.Release|Mixed Platforms.ActiveCfg = Release|Any CPU
		{BCD16F4B-3915-43B7-B1C8-5A9132D97615}.Release|Mixed Platforms.Build.0 = Release|Any CPU
		{BCD16F4B-3915-43B7-B1C8-5A9132D97615}.Release|x86.ActiveCfg = Release|Any CPU
		{42EFAFD3-5939-492C-8B93-DFD1969BA925}.Debug|Any CPU.ActiveCfg = Debug|Any CPU
		{42EFAFD3-5939-492C-8B93-DFD1969BA925}.Debug|Any CPU.Build.0 = Debug|Any CPU
		{42EFAFD3-5939-492C-8B93-DFD1969BA925}.Debug|Mixed Platforms.ActiveCfg = Debug|Any CPU
		{42EFAFD3-5939-492C-8B93-DFD1969BA925}.Debug|Mixed Platforms.Build.0 = Debug|Any CPU
		{42EFAFD3-5939-492C-8B93-DFD1969BA925}.Debug|x86.ActiveCfg = Debug|Any CPU
		{42EFAFD3-5939-492C-8B93-DFD1969BA925}.Release|Any CPU.ActiveCfg = Release|Any CPU
		{42EFAFD3-5939-492C-8B93-DFD1969BA925}.Release|Any CPU.Build.0 = Release|Any CPU
		{42EFAFD3-5939-492C-8B93-DFD1969BA925}.Release|Mixed Platforms.ActiveCfg = Release|Any CPU
		{42EFAFD3-5939-492C-8B93-DFD1969BA925}.Release|Mixed Platforms.Build.0 = Release|Any CPU
		{42EFAFD3-5939-492C-8B93-DFD1969BA925}.Release|x86.ActiveCfg = Release|Any CPU
		{71880BA6-9953-4618-9B5F-C14018BD7822}.Debug|Any CPU.ActiveCfg = Debug|Any CPU
		{71880BA6-9953-4618-9B5F-C14018BD7822}.Debug|Any CPU.Build.0 = Debug|Any CPU
		{71880BA6-9953-4618-9B5F-C14018BD7822}.Debug|Mixed Platforms.ActiveCfg = Debug|Any CPU
		{71880BA6-9953-4618-9B5F-C14018BD7822}.Debug|Mixed Platforms.Build.0 = Debug|Any CPU
		{71880BA6-9953-4618-9B5F-C14018BD7822}.Debug|x86.ActiveCfg = Debug|Any CPU
		{71880BA6-9953-4618-9B5F-C14018BD7822}.Release|Any CPU.ActiveCfg = Release|Any CPU
		{71880BA6-9953-4618-9B5F-C14018BD7822}.Release|Any CPU.Build.0 = Release|Any CPU
		{71880BA6-9953-4618-9B5F-C14018BD7822}.Release|Mixed Platforms.ActiveCfg = Release|Any CPU
		{71880BA6-9953-4618-9B5F-C14018BD7822}.Release|Mixed Platforms.Build.0 = Release|Any CPU
		{71880BA6-9953-4618-9B5F-C14018BD7822}.Release|x86.ActiveCfg = Release|Any CPU
		{F80A82CF-D894-41FD-BA0C-DE170023B2BB}.Debug|Any CPU.ActiveCfg = Debug|Any CPU
		{F80A82CF-D894-41FD-BA0C-DE170023B2BB}.Debug|Any CPU.Build.0 = Debug|Any CPU
		{F80A82CF-D894-41FD-BA0C-DE170023B2BB}.Debug|Mixed Platforms.ActiveCfg = Debug|Any CPU
		{F80A82CF-D894-41FD-BA0C-DE170023B2BB}.Debug|Mixed Platforms.Build.0 = Debug|Any CPU
		{F80A82CF-D894-41FD-BA0C-DE170023B2BB}.Debug|x86.ActiveCfg = Debug|Any CPU
		{F80A82CF-D894-41FD-BA0C-DE170023B2BB}.Release|Any CPU.ActiveCfg = Release|Any CPU
		{F80A82CF-D894-41FD-BA0C-DE170023B2BB}.Release|Any CPU.Build.0 = Release|Any CPU
		{F80A82CF-D894-41FD-BA0C-DE170023B2BB}.Release|Mixed Platforms.ActiveCfg = Release|Any CPU
		{F80A82CF-D894-41FD-BA0C-DE170023B2BB}.Release|Mixed Platforms.Build.0 = Release|Any CPU
		{F80A82CF-D894-41FD-BA0C-DE170023B2BB}.Release|x86.ActiveCfg = Release|Any CPU
		{8FE335EC-1E14-489F-A00D-1C56E2058DC9}.Debug|Any CPU.ActiveCfg = Debug|Any CPU
		{8FE335EC-1E14-489F-A00D-1C56E2058DC9}.Debug|Any CPU.Build.0 = Debug|Any CPU
		{8FE335EC-1E14-489F-A00D-1C56E2058DC9}.Debug|Mixed Platforms.ActiveCfg = Debug|Any CPU
		{8FE335EC-1E14-489F-A00D-1C56E2058DC9}.Debug|Mixed Platforms.Build.0 = Debug|Any CPU
		{8FE335EC-1E14-489F-A00D-1C56E2058DC9}.Debug|x86.ActiveCfg = Debug|Any CPU
		{8FE335EC-1E14-489F-A00D-1C56E2058DC9}.Release|Any CPU.ActiveCfg = Release|Any CPU
		{8FE335EC-1E14-489F-A00D-1C56E2058DC9}.Release|Any CPU.Build.0 = Release|Any CPU
		{8FE335EC-1E14-489F-A00D-1C56E2058DC9}.Release|Mixed Platforms.ActiveCfg = Release|Any CPU
		{8FE335EC-1E14-489F-A00D-1C56E2058DC9}.Release|Mixed Platforms.Build.0 = Release|Any CPU
		{8FE335EC-1E14-489F-A00D-1C56E2058DC9}.Release|x86.ActiveCfg = Release|Any CPU
	EndGlobalSection
	GlobalSection(SolutionProperties) = preSolution
		HideSolutionNode = FALSE
	EndGlobalSection
	GlobalSection(NestedProjects) = preSolution
		{29D4825B-A343-45AA-99FB-CE6671E78178} = {3C0891C9-889E-4794-B237-D668BE106BC6}
		{BCD16F4B-3915-43B7-B1C8-5A9132D97615} = {3C0891C9-889E-4794-B237-D668BE106BC6}
		{42EFAFD3-5939-492C-8B93-DFD1969BA925} = {3C0891C9-889E-4794-B237-D668BE106BC6}
		{F80A82CF-D894-41FD-BA0C-DE170023B2BB} = {3C0891C9-889E-4794-B237-D668BE106BC6}
		{8FE335EC-1E14-489F-A00D-1C56E2058DC9} = {3C0891C9-889E-4794-B237-D668BE106BC6}
	EndGlobalSection
EndGlobal
