
Microsoft Visual Studio Solution File, Format Version 11.00
# Visual Studio 2010
Project("{FAE04EC0-301F-11D3-BF4B-00C04F79EFBC}") = "IVO.CMS", "IVO.CMS\IVO.CMS.csproj", "{0DA004BF-4D35-459C-99D3-956C4DF7EE9E}"
EndProject
Project("{2150E333-8FDC-42A3-9474-1A3956D46DE8}") = "IVO", "IVO", "{3C0891C9-889E-4794-B237-D668BE106BC6}"
EndProject
Project("{FAE04EC0-301F-11D3-BF4B-00C04F79EFBC}") = "IVO.Definition", "..\ivo\IVO\IVO.Definition\IVO.Definition.csproj", "{29D4825B-A343-45AA-99FB-CE6671E78178}"
EndProject
Project("{FAE04EC0-301F-11D3-BF4B-00C04F79EFBC}") = "IVO.Implementation.SQL", "..\ivo\IVO\IVO.Implementation.SQL\IVO.Implementation.SQL.csproj", "{BCD16F4B-3915-43B7-B1C8-5A9132D97615}"
EndProject
Project("{FAE04EC0-301F-11D3-BF4B-00C04F79EFBC}") = "Asynq", "..\ivo\Asynq\Asynq.csproj", "{42EFAFD3-5939-492C-8B93-DFD1969BA925}"
EndProject
Global
	GlobalSection(SolutionConfigurationPlatforms) = preSolution
		Debug|Any CPU = Debug|Any CPU
		Release|Any CPU = Release|Any CPU
	EndGlobalSection
	GlobalSection(ProjectConfigurationPlatforms) = postSolution
		{0DA004BF-4D35-459C-99D3-956C4DF7EE9E}.Debug|Any CPU.ActiveCfg = Debug|Any CPU
		{0DA004BF-4D35-459C-99D3-956C4DF7EE9E}.Debug|Any CPU.Build.0 = Debug|Any CPU
		{0DA004BF-4D35-459C-99D3-956C4DF7EE9E}.Release|Any CPU.ActiveCfg = Release|Any CPU
		{0DA004BF-4D35-459C-99D3-956C4DF7EE9E}.Release|Any CPU.Build.0 = Release|Any CPU
		{29D4825B-A343-45AA-99FB-CE6671E78178}.Debug|Any CPU.ActiveCfg = Debug|Any CPU
		{29D4825B-A343-45AA-99FB-CE6671E78178}.Debug|Any CPU.Build.0 = Debug|Any CPU
		{29D4825B-A343-45AA-99FB-CE6671E78178}.Release|Any CPU.ActiveCfg = Release|Any CPU
		{29D4825B-A343-45AA-99FB-CE6671E78178}.Release|Any CPU.Build.0 = Release|Any CPU
		{BCD16F4B-3915-43B7-B1C8-5A9132D97615}.Debug|Any CPU.ActiveCfg = Debug|Any CPU
		{BCD16F4B-3915-43B7-B1C8-5A9132D97615}.Debug|Any CPU.Build.0 = Debug|Any CPU
		{BCD16F4B-3915-43B7-B1C8-5A9132D97615}.Release|Any CPU.ActiveCfg = Release|Any CPU
		{BCD16F4B-3915-43B7-B1C8-5A9132D97615}.Release|Any CPU.Build.0 = Release|Any CPU
		{42EFAFD3-5939-492C-8B93-DFD1969BA925}.Debug|Any CPU.ActiveCfg = Debug|Any CPU
		{42EFAFD3-5939-492C-8B93-DFD1969BA925}.Debug|Any CPU.Build.0 = Debug|Any CPU
		{42EFAFD3-5939-492C-8B93-DFD1969BA925}.Release|Any CPU.ActiveCfg = Release|Any CPU
		{42EFAFD3-5939-492C-8B93-DFD1969BA925}.Release|Any CPU.Build.0 = Release|Any CPU
	EndGlobalSection
	GlobalSection(SolutionProperties) = preSolution
		HideSolutionNode = FALSE
	EndGlobalSection
	GlobalSection(NestedProjects) = preSolution
		{29D4825B-A343-45AA-99FB-CE6671E78178} = {3C0891C9-889E-4794-B237-D668BE106BC6}
		{BCD16F4B-3915-43B7-B1C8-5A9132D97615} = {3C0891C9-889E-4794-B237-D668BE106BC6}
		{42EFAFD3-5939-492C-8B93-DFD1969BA925} = {3C0891C9-889E-4794-B237-D668BE106BC6}
	EndGlobalSection
EndGlobal
